// !$*UTF8*$!
{
	archiveVersion = 1;
	classes = {
	};
	objectVersion = 77;
	objects = {

/* Begin PBXContainerItemProxy section */
		97AF00882E44FD7900D86C40 /* PBXContainerItemProxy */ = {
			isa = PBXContainerItemProxy;
			containerPortal = 97AF00712E44FD7800D86C40 /* Project object */;
			proxyType = 1;
			remoteGlobalIDString = 97AF00782E44FD7800D86C40;
			remoteInfo = Docket;
		};
		97AF00922E44FD7900D86C40 /* PBXContainerItemProxy */ = {
			isa = PBXContainerItemProxy;
			containerPortal = 97AF00712E44FD7800D86C40 /* Project object */;
			proxyType = 1;
			remoteGlobalIDString = 97AF00782E44FD7800D86C40;
			remoteInfo = Docket;
		};
/* End PBXContainerItemProxy section */

/* Begin PBXFileReference section */
		97AF00792E44FD7800D86C40 /* Docket.app */ = {isa = PBXFileReference; explicitFileType = wrapper.application; includeInIndex = 0; path = Docket.app; sourceTree = BUILT_PRODUCTS_DIR; };
		97AF00872E44FD7900D86C40 /* DocketTests.xctest */ = {isa = PBXFileReference; explicitFileType = wrapper.cfbundle; includeInIndex = 0; path = DocketTests.xctest; sourceTree = BUILT_PRODUCTS_DIR; };
		97AF00912E44FD7900D86C40 /* DocketUITests.xctest */ = {isa = PBXFileReference; explicitFileType = wrapper.cfbundle; includeInIndex = 0; path = DocketUITests.xctest; sourceTree = BUILT_PRODUCTS_DIR; };
/* End PBXFileReference section */

/* Begin PBXFileSystemSynchronizedRootGroup section */
		97AF007B2E44FD7800D86C40 /* Docket */ = {
			isa = PBXFileSystemSynchronizedRootGroup;
			path = Docket;
			sourceTree = "<group>";
		};
		97AF008A2E44FD7900D86C40 /* DocketTests */ = {
			isa = PBXFileSystemSynchronizedRootGroup;
			path = DocketTests;
			sourceTree = "<group>";
		};
		97AF00942E44FD7900D86C40 /* DocketUITests */ = {
			isa = PBXFileSystemSynchronizedRootGroup;
			path = DocketUITests;
			sourceTree = "<group>";
		};
/* End PBXFileSystemSynchronizedRootGroup section */

/* Begin PBXFrameworksBuildPhase section */
		97AF00762E44FD7800D86C40 /* Frameworks */ = {
			isa = PBXFrameworksBuildPhase;
			buildActionMask = 2147483647;
			files = (
			);
			runOnlyForDeploymentPostprocessing = 0;
		};
		97AF00842E44FD7900D86C40 /* Frameworks */ = {
			isa = PBXFrameworksBuildPhase;
			buildActionMask = 2147483647;
			files = (
			);
			runOnlyForDeploymentPostprocessing = 0;
		};
		97AF008E2E44FD7900D86C40 /* Frameworks */ = {
			isa = PBXFrameworksBuildPhase;
			buildActionMask = 2147483647;
			files = (
			);
			runOnlyForDeploymentPostprocessing = 0;
		};
/* End PBXFrameworksBuildPhase section */

/* Begin PBXGroup section */
		97AF00702E44FD7800D86C40 = {
			isa = PBXGroup;
			children = (
				97AF007B2E44FD7800D86C40 /* Docket */,
				97AF008A2E44FD7900D86C40 /* DocketTests */,
				97AF00942E44FD7900D86C40 /* DocketUITests */,
				97AF007A2E44FD7800D86C40 /* Products */,
			);
			sourceTree = "<group>";
		};
		97AF007A2E44FD7800D86C40 /* Products */ = {
			isa = PBXGroup;
			children = (
				97AF00792E44FD7800D86C40 /* Docket.app */,
				97AF00872E44FD7900D86C40 /* DocketTests.xctest */,
				97AF00912E44FD7900D86C40 /* DocketUITests.xctest */,
			);
			name = Products;
			sourceTree = "<group>";
		};
/* End PBXGroup section */

/* Begin PBXNativeTarget section */
		97AF00782E44FD7800D86C40 /* Docket */ = {
			isa = PBXNativeTarget;
			buildConfigurationList = 97AF009B2E44FD7900D86C40 /* Build configuration list for PBXNativeTarget "Docket" */;
			buildPhases = (
				97AF00752E44FD7800D86C40 /* Sources */,
				97AF00762E44FD7800D86C40 /* Frameworks */,
				97AF00772E44FD7800D86C40 /* Resources */,
			);
			buildRules = (
			);
			dependencies = (
			);
			fileSystemSynchronizedGroups = (
				97AF007B2E44FD7800D86C40 /* Docket */,
			);
			name = Docket;
			packageProductDependencies = (
			);
			productName = Docket;
			productReference = 97AF00792E44FD7800D86C40 /* Docket.app */;
			productType = "com.apple.product-type.application";
		};
		97AF00862E44FD7900D86C40 /* DocketTests */ = {
			isa = PBXNativeTarget;
			buildConfigurationList = 97AF009E2E44FD7900D86C40 /* Build configuration list for PBXNativeTarget "DocketTests" */;
			buildPhases = (
				97AF00832E44FD7900D86C40 /* Sources */,
				97AF00842E44FD7900D86C40 /* Frameworks */,
				97AF00852E44FD7900D86C40 /* Resources */,
			);
			buildRules = (
			);
			dependencies = (
				97AF00892E44FD7900D86C40 /* PBXTargetDependency */,
			);
			fileSystemSynchronizedGroups = (
				97AF008A2E44FD7900D86C40 /* DocketTests */,
			);
			name = DocketTests;
			packageProductDependencies = (
			);
			productName = DocketTests;
			productReference = 97AF00872E44FD7900D86C40 /* DocketTests.xctest */;
			productType = "com.apple.product-type.bundle.unit-test";
		};
		97AF00902E44FD7900D86C40 /* DocketUITests */ = {
			isa = PBXNativeTarget;
			buildConfigurationList = 97AF00A12E44FD7900D86C40 /* Build configuration list for PBXNativeTarget "DocketUITests" */;
			buildPhases = (
				97AF008D2E44FD7900D86C40 /* Sources */,
				97AF008E2E44FD7900D86C40 /* Frameworks */,
				97AF008F2E44FD7900D86C40 /* Resources */,
			);
			buildRules = (
			);
			dependencies = (
				97AF00932E44FD7900D86C40 /* PBXTargetDependency */,
			);
			fileSystemSynchronizedGroups = (
				97AF00942E44FD7900D86C40 /* DocketUITests */,
			);
			name = DocketUITests;
			packageProductDependencies = (
			);
			productName = DocketUITests;
			productReference = 97AF00912E44FD7900D86C40 /* DocketUITests.xctest */;
			productType = "com.apple.product-type.bundle.ui-testing";
		};
/* End PBXNativeTarget section */

/* Begin PBXProject section */
		97AF00712E44FD7800D86C40 /* Project object */ = {
			isa = PBXProject;
			attributes = {
				BuildIndependentTargetsInParallel = 1;
				LastSwiftUpdateCheck = 1640;
				LastUpgradeCheck = 1640;
				TargetAttributes = {
					97AF00782E44FD7800D86C40 = {
						CreatedOnToolsVersion = 16.4;
					};
					97AF00862E44FD7900D86C40 = {
						CreatedOnToolsVersion = 16.4;
						TestTargetID = 97AF00782E44FD7800D86C40;
					};
					97AF00902E44FD7900D86C40 = {
						CreatedOnToolsVersion = 16.4;
						TestTargetID = 97AF00782E44FD7800D86C40;
					};
				};
			};
			buildConfigurationList = 97AF00742E44FD7800D86C40 /* Build configuration list for PBXProject "Docket" */;
			developmentRegion = en;
			hasScannedForEncodings = 0;
			knownRegions = (
				en,
				Base,
			);
			mainGroup = 97AF00702E44FD7800D86C40;
			minimizedProjectReferenceProxies = 1;
			preferredProjectObjectVersion = 77;
			productRefGroup = 97AF007A2E44FD7800D86C40 /* Products */;
			projectDirPath = "";
			projectRoot = "";
			targets = (
				97AF00782E44FD7800D86C40 /* Docket */,
				97AF00862E44FD7900D86C40 /* DocketTests */,
				97AF00902E44FD7900D86C40 /* DocketUITests */,
			);
		};
/* End PBXProject section */

/* Begin PBXResourcesBuildPhase section */
		97AF00772E44FD7800D86C40 /* Resources */ = {
			isa = PBXResourcesBuildPhase;
			buildActionMask = 2147483647;
			files = (
			);
			runOnlyForDeploymentPostprocessing = 0;
		};
		97AF00852E44FD7900D86C40 /* Resources */ = {
			isa = PBXResourcesBuildPhase;
			buildActionMask = 2147483647;
			files = (
			);
			runOnlyForDeploymentPostprocessing = 0;
		};
		97AF008F2E44FD7900D86C40 /* Resources */ = {
			isa = PBXResourcesBuildPhase;
			buildActionMask = 2147483647;
			files = (
			);
			runOnlyForDeploymentPostprocessing = 0;
		};
/* End PBXResourcesBuildPhase section */

/* Begin PBXSourcesBuildPhase section */
		97AF00752E44FD7800D86C40 /* Sources */ = {
			isa = PBXSourcesBuildPhase;
			buildActionMask = 2147483647;
			files = (
			);
			runOnlyForDeploymentPostprocessing = 0;
		};
		97AF00832E44FD7900D86C40 /* Sources */ = {
			isa = PBXSourcesBuildPhase;
			buildActionMask = 2147483647;
			files = (
			);
			runOnlyForDeploymentPostprocessing = 0;
		};
		97AF008D2E44FD7900D86C40 /* Sources */ = {
			isa = PBXSourcesBuildPhase;
			buildActionMask = 2147483647;
			files = (
			);
			runOnlyForDeploymentPostprocessing = 0;
		};
/* End PBXSourcesBuildPhase section */

/* Begin PBXTargetDependency section */
		97AF00892E44FD7900D86C40 /* PBXTargetDependency */ = {
			isa = PBXTargetDependency;
			target = 97AF00782E44FD7800D86C40 /* Docket */;
			targetProxy = 97AF00882E44FD7900D86C40 /* PBXContainerItemProxy */;
		};
		97AF00932E44FD7900D86C40 /* PBXTargetDependency */ = {
			isa = PBXTargetDependency;
			target = 97AF00782E44FD7800D86C40 /* Docket */;
			targetProxy = 97AF00922E44FD7900D86C40 /* PBXContainerItemProxy */;
		};
/* End PBXTargetDependency section */

/* Begin XCBuildConfiguration section */
		97AF00992E44FD7900D86C40 /* Debug */ = {
			isa = XCBuildConfiguration;
			buildSettings = {
				ALWAYS_SEARCH_USER_PATHS = NO;
				ASSETCATALOG_COMPILER_GENERATE_SWIFT_ASSET_SYMBOL_EXTENSIONS = YES;
				CLANG_ANALYZER_NONNULL = YES;
				CLANG_ANALYZER_NUMBER_OBJECT_CONVERSION = YES_AGGRESSIVE;
				CLANG_CXX_LANGUAGE_STANDARD = "gnu++20";
				CLANG_ENABLE_MODULES = YES;
				CLANG_ENABLE_OBJC_ARC = YES;
				CLANG_ENABLE_OBJC_WEAK = YES;
				CLANG_WARN_BLOCK_CAPTURE_AUTORELEASING = YES;
				CLANG_WARN_BOOL_CONVERSION = YES;
				CLANG_WARN_COMMA = YES;
				CLANG_WARN_CONSTANT_CONVERSION = YES;
				CLANG_WARN_DEPRECATED_OBJC_IMPLEMENTATIONS = YES;
				CLANG_WARN_DIRECT_OBJC_ISA_USAGE = YES_ERROR;
				CLANG_WARN_DOCUMENTATION_COMMENTS = YES;
				CLANG_WARN_EMPTY_BODY = YES;
				CLANG_WARN_ENUM_CONVERSION = YES;
				CLANG_WARN_INFINITE_RECURSION = YES;
				CLANG_WARN_INT_CONVERSION = YES;
				CLANG_WARN_NON_LITERAL_NULL_CONVERSION = YES;
				CLANG_WARN_OBJC_IMPLICIT_RETAIN_SELF = YES;
				CLANG_WARN_OBJC_LITERAL_CONVERSION = YES;
				CLANG_WARN_OBJC_ROOT_CLASS = YES_ERROR;
				CLANG_WARN_QUOTED_INCLUDE_IN_FRAMEWORK_HEADER = YES;
				CLANG_WARN_RANGE_LOOP_ANALYSIS = YES;
				CLANG_WARN_STRICT_PROTOTYPES = YES;
				CLANG_WARN_SUSPICIOUS_MOVE = YES;
				CLANG_WARN_UNGUARDED_AVAILABILITY = YES_AGGRESSIVE;
				CLANG_WARN_UNREACHABLE_CODE = YES;
				CLANG_WARN__DUPLICATE_METHOD_MATCH = YES;
				COPY_PHASE_STRIP = NO;
				DEBUG_INFORMATION_FORMAT = dwarf;
				ENABLE_STRICT_OBJC_MSGSEND = YES;
				ENABLE_TESTABILITY = YES;
				ENABLE_USER_SCRIPT_SANDBOXING = YES;
				GCC_C_LANGUAGE_STANDARD = gnu17;
				GCC_DYNAMIC_NO_PIC = NO;
				GCC_NO_COMMON_BLOCKS = YES;
				GCC_OPTIMIZATION_LEVEL = 0;
				GCC_PREPROCESSOR_DEFINITIONS = (
					"DEBUG=1",
					"$(inherited)",
				);
				GCC_WARN_64_TO_32_BIT_CONVERSION = YES;
				GCC_WARN_ABOUT_RETURN_TYPE = YES_ERROR;
				GCC_WARN_UNDECLARED_SELECTOR = YES;
				GCC_WARN_UNINITIALIZED_AUTOS = YES_AGGRESSIVE;
				GCC_WARN_UNUSED_FUNCTION = YES;
				GCC_WARN_UNUSED_VARIABLE = YES;
				LOCALIZATION_PREFERS_STRING_CATALOGS = YES;
				MACOSX_DEPLOYMENT_TARGET = 15.5;
				MTL_ENABLE_DEBUG_INFO = INCLUDE_SOURCE;
				MTL_FAST_MATH = YES;
				ONLY_ACTIVE_ARCH = YES;
				SDKROOT = macosx;
				SWIFT_ACTIVE_COMPILATION_CONDITIONS = "DEBUG $(inherited)";
				SWIFT_OPTIMIZATION_LEVEL = "-Onone";
			};
			name = Debug;
		};
		97AF009A2E44FD7900D86C40 /* Release */ = {
			isa = XCBuildConfiguration;
			buildSettings = {
				ALWAYS_SEARCH_USER_PATHS = NO;
				ASSETCATALOG_COMPILER_GENERATE_SWIFT_ASSET_SYMBOL_EXTENSIONS = YES;
				CLANG_ANALYZER_NONNULL = YES;
				CLANG_ANALYZER_NUMBER_OBJECT_CONVERSION = YES_AGGRESSIVE;
				CLANG_CXX_LANGUAGE_STANDARD = "gnu++20";
				CLANG_ENABLE_MODULES = YES;
				CLANG_ENABLE_OBJC_ARC = YES;
				CLANG_ENABLE_OBJC_WEAK = YES;
				CLANG_WARN_BLOCK_CAPTURE_AUTORELEASING = YES;
				CLANG_WARN_BOOL_CONVERSION = YES;
				CLANG_WARN_COMMA = YES;
				CLANG_WARN_CONSTANT_CONVERSION = YES;
				CLANG_WARN_DEPRECATED_OBJC_IMPLEMENTATIONS = YES;
				CLANG_WARN_DIRECT_OBJC_ISA_USAGE = YES_ERROR;
				CLANG_WARN_DOCUMENTATION_COMMENTS = YES;
				CLANG_WARN_EMPTY_BODY = YES;
				CLANG_WARN_ENUM_CONVERSION = YES;
				CLANG_WARN_INFINITE_RECURSION = YES;
				CLANG_WARN_INT_CONVERSION = YES;
				CLANG_WARN_NON_LITERAL_NULL_CONVERSION = YES;
				CLANG_WARN_OBJC_IMPLICIT_RETAIN_SELF = YES;
				CLANG_WARN_OBJC_LITERAL_CONVERSION = YES;
				CLANG_WARN_OBJC_ROOT_CLASS = YES_ERROR;
				CLANG_WARN_QUOTED_INCLUDE_IN_FRAMEWORK_HEADER = YES;
				CLANG_WARN_RANGE_LOOP_ANALYSIS = YES;
				CLANG_WARN_STRICT_PROTOTYPES = YES;
				CLANG_WARN_SUSPICIOUS_MOVE = YES;
				CLANG_WARN_UNGUARDED_AVAILABILITY = YES_AGGRESSIVE;
				CLANG_WARN_UNREACHABLE_CODE = YES;
				CLANG_WARN__DUPLICATE_METHOD_MATCH = YES;
				COPY_PHASE_STRIP = NO;
				DEBUG_INFORMATION_FORMAT = "dwarf-with-dsym";
				ENABLE_NS_ASSERTIONS = NO;
				ENABLE_STRICT_OBJC_MSGSEND = YES;
				ENABLE_USER_SCRIPT_SANDBOXING = YES;
				GCC_C_LANGUAGE_STANDARD = gnu17;
				GCC_NO_COMMON_BLOCKS = YES;
				GCC_WARN_64_TO_32_BIT_CONVERSION = YES;
				GCC_WARN_ABOUT_RETURN_TYPE = YES_ERROR;
				GCC_WARN_UNDECLARED_SELECTOR = YES;
				GCC_WARN_UNINITIALIZED_AUTOS = YES_AGGRESSIVE;
				GCC_WARN_UNUSED_FUNCTION = YES;
				GCC_WARN_UNUSED_VARIABLE = YES;
				LOCALIZATION_PREFERS_STRING_CATALOGS = YES;
				MACOSX_DEPLOYMENT_TARGET = 15.5;
				MTL_ENABLE_DEBUG_INFO = NO;
				MTL_FAST_MATH = YES;
				SDKROOT = macosx;
				SWIFT_COMPILATION_MODE = wholemodule;
			};
			name = Release;
		};
		97AF009C2E44FD7900D86C40 /* Debug */ = {
			isa = XCBuildConfiguration;
			buildSettings = {
				ASSETCATALOG_COMPILER_APPICON_NAME = AppIcon;
				ASSETCATALOG_COMPILER_GLOBAL_ACCENT_COLOR_NAME = AccentColor;
				CODE_SIGN_ENTITLEMENTS = Docket/Docket.entitlements;
				CODE_SIGN_STYLE = Automatic;
				COMBINE_HIDPI_IMAGES = YES;
				CURRENT_PROJECT_VERSION = 1;
				ENABLE_PREVIEWS = YES;
				GENERATE_INFOPLIST_FILE = YES;
				INFOPLIST_KEY_NSHumanReadableCopyright = "";
				LD_RUNPATH_SEARCH_PATHS = (
					"$(inherited)",
					"@executable_path/../Frameworks",
				);
				MARKETING_VERSION = 1.0;
				PRODUCT_BUNDLE_IDENTIFIER = org.strieber.Docket;
				PRODUCT_NAME = "$(TARGET_NAME)";
				REGISTER_APP_GROUPS = YES;
				SWIFT_EMIT_LOC_STRINGS = YES;
				SWIFT_VERSION = 5.0;
			};
			name = Debug;
		};
		97AF009D2E44FD7900D86C40 /* Release */ = {
			isa = XCBuildConfiguration;
			buildSettings = {
				ASSETCATALOG_COMPILER_APPICON_NAME = AppIcon;
				ASSETCATALOG_COMPILER_GLOBAL_ACCENT_COLOR_NAME = AccentColor;
				CODE_SIGN_ENTITLEMENTS = Docket/Docket.entitlements;
				CODE_SIGN_STYLE = Automatic;
				COMBINE_HIDPI_IMAGES = YES;
				CURRENT_PROJECT_VERSION = 1;
				ENABLE_PREVIEWS = YES;
				GENERATE_INFOPLIST_FILE = YES;
				INFOPLIST_KEY_NSHumanReadableCopyright = "";
				LD_RUNPATH_SEARCH_PATHS = (
					"$(inherited)",
					"@executable_path/../Frameworks",
				);
				MARKETING_VERSION = 1.0;
				PRODUCT_BUNDLE_IDENTIFIER = org.strieber.Docket;
				PRODUCT_NAME = "$(TARGET_NAME)";
				REGISTER_APP_GROUPS = YES;
				SWIFT_EMIT_LOC_STRINGS = YES;
				SWIFT_VERSION = 5.0;
			};
			name = Release;
		};
		97AF009F2E44FD7900D86C40 /* Debug */ = {
			isa = XCBuildConfiguration;
			buildSettings = {
				BUNDLE_LOADER = "$(TEST_HOST)";
				CODE_SIGN_STYLE = Automatic;
				CURRENT_PROJECT_VERSION = 1;
				GENERATE_INFOPLIST_FILE = YES;
				MACOSX_DEPLOYMENT_TARGET = 15.5;
				MARKETING_VERSION = 1.0;
				PRODUCT_BUNDLE_IDENTIFIER = org.strieber.DocketTests;
				PRODUCT_NAME = "$(TARGET_NAME)";
				SWIFT_EMIT_LOC_STRINGS = NO;
				SWIFT_VERSION = 5.0;
				TEST_HOST = "$(BUILT_PRODUCTS_DIR)/Docket.app/$(BUNDLE_EXECUTABLE_FOLDER_PATH)/Docket";
			};
			name = Debug;
		};
		97AF00A02E44FD7900D86C40 /* Release */ = {
			isa = XCBuildConfiguration;
			buildSettings = {
				BUNDLE_LOADER = "$(TEST_HOST)";
				CODE_SIGN_STYLE = Automatic;
				CURRENT_PROJECT_VERSION = 1;
				GENERATE_INFOPLIST_FILE = YES;
				MACOSX_DEPLOYMENT_TARGET = 15.5;
				MARKETING_VERSION = 1.0;
				PRODUCT_BUNDLE_IDENTIFIER = org.strieber.DocketTests;
				PRODUCT_NAME = "$(TARGET_NAME)";
				SWIFT_EMIT_LOC_STRINGS = NO;
				SWIFT_VERSION = 5.0;
				TEST_HOST = "$(BUILT_PRODUCTS_DIR)/Docket.app/$(BUNDLE_EXECUTABLE_FOLDER_PATH)/Docket";
			};
			name = Release;
		};
		97AF00A22E44FD7900D86C40 /* Debug */ = {
			isa = XCBuildConfiguration;
			buildSettings = {
				CODE_SIGN_STYLE = Automatic;
				CURRENT_PROJECT_VERSION = 1;
				GENERATE_INFOPLIST_FILE = YES;
				MARKETING_VERSION = 1.0;
				PRODUCT_BUNDLE_IDENTIFIER = org.strieber.DocketUITests;
				PRODUCT_NAME = "$(TARGET_NAME)";
				SWIFT_EMIT_LOC_STRINGS = NO;
				SWIFT_VERSION = 5.0;
				TEST_TARGET_NAME = Docket;
			};
			name = Debug;
		};
		97AF00A32E44FD7900D86C40 /* Release */ = {
			isa = XCBuildConfiguration;
			buildSettings = {
				CODE_SIGN_STYLE = Automatic;
				CURRENT_PROJECT_VERSION = 1;
				GENERATE_INFOPLIST_FILE = YES;
				MARKETING_VERSION = 1.0;
				PRODUCT_BUNDLE_IDENTIFIER = org.strieber.DocketUITests;
				PRODUCT_NAME = "$(TARGET_NAME)";
				SWIFT_EMIT_LOC_STRINGS = NO;
				SWIFT_VERSION = 5.0;
				TEST_TARGET_NAME = Docket;
			};
			name = Release;
		};
/* End XCBuildConfiguration section */

/* Begin XCConfigurationList section */
		97AF00742E44FD7800D86C40 /* Build configuration list for PBXProject "Docket" */ = {
			isa = XCConfigurationList;
			buildConfigurations = (
				97AF00992E44FD7900D86C40 /* Debug */,
				97AF009A2E44FD7900D86C40 /* Release */,
			);
			defaultConfigurationIsVisible = 0;
			defaultConfigurationName = Release;
		};
		97AF009B2E44FD7900D86C40 /* Build configuration list for PBXNativeTarget "Docket" */ = {
			isa = XCConfigurationList;
			buildConfigurations = (
				97AF009C2E44FD7900D86C40 /* Debug */,
				97AF009D2E44FD7900D86C40 /* Release */,
			);
			defaultConfigurationIsVisible = 0;
			defaultConfigurationName = Release;
		};
		97AF009E2E44FD7900D86C40 /* Build configuration list for PBXNativeTarget "DocketTests" */ = {
			isa = XCConfigurationList;
			buildConfigurations = (
				97AF009F2E44FD7900D86C40 /* Debug */,
				97AF00A02E44FD7900D86C40 /* Release */,
			);
			defaultConfigurationIsVisible = 0;
			defaultConfigurationName = Release;
		};
		97AF00A12E44FD7900D86C40 /* Build configuration list for PBXNativeTarget "DocketUITests" */ = {
			isa = XCConfigurationList;
			buildConfigurations = (
				97AF00A22E44FD7900D86C40 /* Debug */,
				97AF00A32E44FD7900D86C40 /* Release */,
			);
			defaultConfigurationIsVisible = 0;
			defaultConfigurationName = Release;
		};
/* End XCConfigurationList section */
	};
	rootObject = 97AF00712E44FD7800D86C40 /* Project object */;
}
